
Microsoft Visual Studio Solution File, Format Version 12.00
# Visual Studio 15
VisualStudioVersion = 15.0.28307.1062
MinimumVisualStudioVersion = 10.0.40219.1
Project("{FAE04EC0-301F-11D3-BF4B-00C04F79EFBC}") = "ProyectoDePruebaParaGitHub", "ProyectoDePruebaParaGitHub\ProyectoDePruebaParaGitHub.csproj", "{CF0034C1-0DE0-42BF-9582-904E755391A4}"
EndProject
Global
	GlobalSection(SolutionConfigurationPlatforms) = preSolution
		Debug|Any CPU = Debug|Any CPU
		Release|Any CPU = Release|Any CPU
	EndGlobalSection
	GlobalSection(ProjectConfigurationPlatforms) = postSolution
		{CF0034C1-0DE0-42BF-9582-904E755391A4}.Debug|Any CPU.ActiveCfg = Debug|Any CPU
		{CF0034C1-0DE0-42BF-9582-904E755391A4}.Debug|Any CPU.Build.0 = Debug|Any CPU
		{CF0034C1-0DE0-42BF-9582-904E755391A4}.Release|Any CPU.ActiveCfg = Release|Any CPU
		{CF0034C1-0DE0-42BF-9582-904E755391A4}.Release|Any CPU.Build.0 = Release|Any CPU
	EndGlobalSection
	GlobalSection(SolutionProperties) = preSolution
		HideSolutionNode = FALSE
	EndGlobalSection
	GlobalSection(ExtensibilityGlobals) = postSolution
		SolutionGuid = {814CE6BC-C06A-45CD-BBEF-375BED7A7088}
	EndGlobalSection
EndGlobal
